<?xml version="1.0" encoding="utf-8"?>
<Project ToolsVersion="4.0" xmlns="http://schemas.microsoft.com/developer/msbuild/2003">
  <ItemGroup>
    <Filter Include="Pliki źródłowe">
      <UniqueIdentifier>{4FC737F1-C7A5-4376-A066-2A32D752A2FF}</UniqueIdentifier>
      <Extensions>cpp;c;cc;cxx;def;odl;idl;hpj;bat;asm;asmx</Extensions>
    </Filter>
    <Filter Include="Pliki nagłówkowe">
      <UniqueIdentifier>{93995380-89BD-4b04-88EB-625FBE52EBFB}</UniqueIdentifier>
      <Extensions>h;hh;hpp;hxx;hm;inl;inc;ipp;xsd</Extensions>
    </Filter>
    <Filter Include="Pliki zasobów">
      <UniqueIdentifier>{67DA6AB6-F800-4c08-8B7A-83BB121AAD01}</UniqueIdentifier>
      <Extensions>rc;ico;cur;bmp;dlg;rc2;rct;bin;rgs;gif;jpg;jpeg;jpe;resx;tiff;tif;png;wav;mfcribbon-ms</Extensions>
    </Filter>
    <Filter Include="Pliki źródłowe\src">
      <UniqueIdentifier>{8325dc1d-e559-41e7-9d3e-417fa93408e4}</UniqueIdentifier>
    </Filter>
    <Filter Include="Pliki źródłowe\src\Util">
      <UniqueIdentifier>{8c345a08-ad6c-426e-bae4-9d52416897ad}</UniqueIdentifier>
    </Filter>
    <Filter Include="Pliki źródłowe\src\Resources">
      <UniqueIdentifier>{bbea20e4-15c0-4f70-90eb-5f7e51bbd01e}</UniqueIdentifier>
    </Filter>
    <Filter Include="Pliki źródłowe\src\GUI">
      <UniqueIdentifier>{8e31395d-dc7a-4fea-aa98-d9cbfe02c460}</UniqueIdentifier>
    </Filter>
    <Filter Include="Pliki źródłowe\src\State">
      <UniqueIdentifier>{0bc3e620-1d1e-4561-957e-04c52b06f722}</UniqueIdentifier>
    </Filter>
  </ItemGroup>
  <ItemGroup>
    <ClCompile Include="src\main.cpp">
      <Filter>Pliki źródłowe\src</Filter>
    </ClCompile>
    <ClCompile Include="src\Game.cpp">
      <Filter>Pliki źródłowe\src</Filter>
    </ClCompile>
    <ClCompile Include="src\State\MenuState.cpp">
      <Filter>Pliki źródłowe\src\State</Filter>
    </ClCompile>
    <ClCompile Include="src\Resources\Holder.cpp">
      <Filter>Pliki źródłowe\src\Resources</Filter>
    </ClCompile>
  </ItemGroup>
  <ItemGroup>
    <ClInclude Include="src\Resources\Holder.h">
      <Filter>Pliki źródłowe\src\Resources</Filter>
    </ClInclude>
    <ClInclude Include="src\Resources\Manager.h">
      <Filter>Pliki źródłowe\src\Resources</Filter>
    </ClInclude>
    <ClInclude Include="src\Util\Random.h">
      <Filter>Pliki źródłowe\src\Util</Filter>
    </ClInclude>
    <ClInclude Include="src\State\MenuState.h">
      <Filter>Pliki źródłowe\src\State</Filter>
    </ClInclude>
    <ClInclude Include="src\Game.h">
      <Filter>Pliki źródłowe\src</Filter>
    </ClInclude>
    <ClInclude Include="src\State\BaseState.h">
      <Filter>Pliki źródłowe\src\State</Filter>
    </ClInclude>
  </ItemGroup>
</Project>